
Microsoft Visual Studio Solution File, Format Version 12.00
Project("{FAE04EC0-301F-11D3-BF4B-00C04F79EFBC}") = "brazil", "brazil\brazil.csproj", "{DF04512D-2F4C-4758-82E3-0BC81DF7B623}"
EndProject
Project("{FAE04EC0-301F-11D3-BF4B-00C04F79EFBC}") = "india", "india\india.csproj", "{D5CD97E1-E49C-4A5B-9E8C-9646E16A807B}"
EndProject
Project("{FAE04EC0-301F-11D3-BF4B-00C04F79EFBC}") = "indonesia", "indonesia\indonesia.csproj", "{D3260C33-FFAA-4EFC-A3B6-E6105ABAE7F8}"
EndProject
Project("{FAE04EC0-301F-11D3-BF4B-00C04F79EFBC}") = "mexico", "mexico\mexico.csproj", "{09150FC8-4D73-4C3A-8A02-258C8ABE9A92}"
EndProject
Project("{FAE04EC0-301F-11D3-BF4B-00C04F79EFBC}") = "thailand", "thailand\thailand.csproj", "{314DE2DF-DE7C-4123-98B8-F5F020CEE89C}"
EndProject
Project("{FAE04EC0-301F-11D3-BF4B-00C04F79EFBC}") = "vietnam", "vietnam\vietnam.csproj", "{7E00BAFB-A6B9-40C6-A5C3-8471CE5FF859}"
EndProject
Project("{FAE04EC0-301F-11D3-BF4B-00C04F79EFBC}") = "philippines", "philippines\philippines.csproj", "{0E58D5C5-DFA8-49DF-AA9B-A1ADB07C5AAA}"
EndProject
Project("{FAE04EC0-301F-11D3-BF4B-00C04F79EFBC}") = "colombia", "colombia\colombia.csproj", "{CDDB317F-4C22-41DE-96C0-A8E6D777D2FD}"
EndProject
Project("{FAE04EC0-301F-11D3-BF4B-00C04F79EFBC}") = "peru", "peru\peru.csproj", "{CDC10E52-1BA1-4B43-85E2-6C8444870859}"
EndProject
Global
	GlobalSection(SolutionConfigurationPlatforms) = preSolution
		Debug|Any CPU = Debug|Any CPU
		Release|Any CPU = Release|Any CPU
	EndGlobalSection
	GlobalSection(ProjectConfigurationPlatforms) = postSolution
		{DF04512D-2F4C-4758-82E3-0BC81DF7B623}.Debug|Any CPU.ActiveCfg = Debug|Any CPU
		{DF04512D-2F4C-4758-82E3-0BC81DF7B623}.Debug|Any CPU.Build.0 = Debug|Any CPU
		{DF04512D-2F4C-4758-82E3-0BC81DF7B623}.Release|Any CPU.ActiveCfg = Release|Any CPU
		{DF04512D-2F4C-4758-82E3-0BC81DF7B623}.Release|Any CPU.Build.0 = Release|Any CPU
		{D5CD97E1-E49C-4A5B-9E8C-9646E16A807B}.Debug|Any CPU.ActiveCfg = Debug|Any CPU
		{D5CD97E1-E49C-4A5B-9E8C-9646E16A807B}.Debug|Any CPU.Build.0 = Debug|Any CPU
		{D5CD97E1-E49C-4A5B-9E8C-9646E16A807B}.Release|Any CPU.ActiveCfg = Release|Any CPU
		{D5CD97E1-E49C-4A5B-9E8C-9646E16A807B}.Release|Any CPU.Build.0 = Release|Any CPU
		{D3260C33-FFAA-4EFC-A3B6-E6105ABAE7F8}.Debug|Any CPU.ActiveCfg = Debug|Any CPU
		{D3260C33-FFAA-4EFC-A3B6-E6105ABAE7F8}.Debug|Any CPU.Build.0 = Debug|Any CPU
		{D3260C33-FFAA-4EFC-A3B6-E6105ABAE7F8}.Release|Any CPU.ActiveCfg = Release|Any CPU
		{D3260C33-FFAA-4EFC-A3B6-E6105ABAE7F8}.Release|Any CPU.Build.0 = Release|Any CPU
		{09150FC8-4D73-4C3A-8A02-258C8ABE9A92}.Debug|Any CPU.ActiveCfg = Debug|Any CPU
		{09150FC8-4D73-4C3A-8A02-258C8ABE9A92}.Debug|Any CPU.Build.0 = Debug|Any CPU
		{09150FC8-4D73-4C3A-8A02-258C8ABE9A92}.Release|Any CPU.ActiveCfg = Release|Any CPU
		{09150FC8-4D73-4C3A-8A02-258C8ABE9A92}.Release|Any CPU.Build.0 = Release|Any CPU
		{314DE2DF-DE7C-4123-98B8-F5F020CEE89C}.Debug|Any CPU.ActiveCfg = Debug|Any CPU
		{314DE2DF-DE7C-4123-98B8-F5F020CEE89C}.Debug|Any CPU.Build.0 = Debug|Any CPU
		{314DE2DF-DE7C-4123-98B8-F5F020CEE89C}.Release|Any CPU.ActiveCfg = Release|Any CPU
		{314DE2DF-DE7C-4123-98B8-F5F020CEE89C}.Release|Any CPU.Build.0 = Release|Any CPU
		{7E00BAFB-A6B9-40C6-A5C3-8471CE5FF859}.Debug|Any CPU.ActiveCfg = Debug|Any CPU
		{7E00BAFB-A6B9-40C6-A5C3-8471CE5FF859}.Debug|Any CPU.Build.0 = Debug|Any CPU
		{7E00BAFB-A6B9-40C6-A5C3-8471CE5FF859}.Release|Any CPU.ActiveCfg = Release|Any CPU
		{7E00BAFB-A6B9-40C6-A5C3-8471CE5FF859}.Release|Any CPU.Build.0 = Release|Any CPU
		{0E58D5C5-DFA8-49DF-AA9B-A1ADB07C5AAA}.Debug|Any CPU.ActiveCfg = Debug|Any CPU
		{0E58D5C5-DFA8-49DF-AA9B-A1ADB07C5AAA}.Debug|Any CPU.Build.0 = Debug|Any CPU
		{0E58D5C5-DFA8-49DF-AA9B-A1ADB07C5AAA}.Release|Any CPU.ActiveCfg = Release|Any CPU
		{0E58D5C5-DFA8-49DF-AA9B-A1ADB07C5AAA}.Release|Any CPU.Build.0 = Release|Any CPU
		{CDDB317F-4C22-41DE-96C0-A8E6D777D2FD}.Debug|Any CPU.ActiveCfg = Debug|Any CPU
		{CDDB317F-4C22-41DE-96C0-A8E6D777D2FD}.Debug|Any CPU.Build.0 = Debug|Any CPU
		{CDDB317F-4C22-41DE-96C0-A8E6D777D2FD}.Release|Any CPU.ActiveCfg = Release|Any CPU
		{CDDB317F-4C22-41DE-96C0-A8E6D777D2FD}.Release|Any CPU.Build.0 = Release|Any CPU
		{CDC10E52-1BA1-4B43-85E2-6C8444870859}.Debug|Any CPU.ActiveCfg = Debug|Any CPU
		{CDC10E52-1BA1-4B43-85E2-6C8444870859}.Debug|Any CPU.Build.0 = Debug|Any CPU
		{CDC10E52-1BA1-4B43-85E2-6C8444870859}.Release|Any CPU.ActiveCfg = Release|Any CPU
		{CDC10E52-1BA1-4B43-85E2-6C8444870859}.Release|Any CPU.Build.0 = Release|Any CPU
	EndGlobalSection
EndGlobal
